
Microsoft Visual Studio Solution File, Format Version 12.00
# Visual Studio Version 16
VisualStudioVersion = 16.0.29728.190
MinimumVisualStudioVersion = 10.0.40219.1
Project("{FAE04EC0-301F-11D3-BF4B-00C04F79EFBC}") = "labo", "labo\labo.csproj", "{C6E9C715-AA0E-498A-9829-E9F3BB891DC8}"
EndProject
Global
	GlobalSection(SolutionConfigurationPlatforms) = preSolution
		Debug|Any CPU = Debug|Any CPU
		Release|Any CPU = Release|Any CPU
	EndGlobalSection
	GlobalSection(ProjectConfigurationPlatforms) = postSolution
		{C6E9C715-AA0E-498A-9829-E9F3BB891DC8}.Debug|Any CPU.ActiveCfg = Debug|Any CPU
		{C6E9C715-AA0E-498A-9829-E9F3BB891DC8}.Debug|Any CPU.Build.0 = Debug|Any CPU
		{C6E9C715-AA0E-498A-9829-E9F3BB891DC8}.Release|Any CPU.ActiveCfg = Release|Any CPU
		{C6E9C715-AA0E-498A-9829-E9F3BB891DC8}.Release|Any CPU.Build.0 = Release|Any CPU
	EndGlobalSection
	GlobalSection(SolutionProperties) = preSolution
		HideSolutionNode = FALSE
	EndGlobalSection
	GlobalSection(ExtensibilityGlobals) = postSolution
		SolutionGuid = {04C8AB96-8CFD-44DF-8CBE-1BF39D587B3C}
	EndGlobalSection
EndGlobal
